<?xml version="1.0" encoding="utf-8"?>
<Project ToolsVersion="4.0" xmlns="http://schemas.microsoft.com/developer/msbuild/2003">
  <ItemGroup>
    <Filter Include="Source Files">
      <UniqueIdentifier>{4FC737F1-C7A5-4376-A066-2A32D752A2FF}</UniqueIdentifier>
      <Extensions>cpp;cxx;c;def</Extensions>
    </Filter>
    <Filter Include="Header Files">
      <UniqueIdentifier>{93995380-89BD-4b04-88EB-625FBE52EBFB}</UniqueIdentifier>
      <Extensions>h</Extensions>
    </Filter>
    <Filter Include="Form Files">
      <UniqueIdentifier>{99349809-55BA-4b9d-BF79-8FDBB0286EB3}</UniqueIdentifier>
      <Extensions>ui</Extensions>
    </Filter>
    <Filter Include="Resource Files">
      <UniqueIdentifier>{D9D6E242-F8AF-46E4-B9FD-80ECBC20BA3E}</UniqueIdentifier>
      <Extensions>qrc;*</Extensions>
      <ParseFiles>false</ParseFiles>
    </Filter>
    <Filter Include="Generated Files">
      <UniqueIdentifier>{71ED8ED8-ACB9-4CE9-BBE1-E00B30144E11}</UniqueIdentifier>
      <Extensions>moc;h;cpp</Extensions>
      <SourceControlFiles>False</SourceControlFiles>
    </Filter>
    <Filter Include="Generated Files\Debug">
      <UniqueIdentifier>{0351a8bf-9a17-4e61-9b3b-4c9407edbf53}</UniqueIdentifier>
      <Extensions>cpp;moc</Extensions>
      <SourceControlFiles>False</SourceControlFiles>
    </Filter>
    <Filter Include="Generated Files\Release">
      <UniqueIdentifier>{52663d99-9f41-4718-a3f4-e42386081d4b}</UniqueIdentifier>
      <Extensions>cpp;moc</Extensions>
      <SourceControlFiles>False</SourceControlFiles>
    </Filter>
  </ItemGroup>
  <ItemGroup>
    <ClCompile Include="main.cpp">
      <Filter>Source Files</Filter>
    </ClCompile>
    <ClCompile Include="qtrealplaydemo.cpp">
      <Filter>Source Files</Filter>
    </ClCompile>
    <ClCompile Include="GeneratedFiles\Debug\moc_qtrealplaydemo.cpp">
      <Filter>Generated Files\Debug</Filter>
    </ClCompile>
    <ClCompile Include="GeneratedFiles\Release\moc_qtrealplaydemo.cpp">
      <Filter>Generated Files\Release</Filter>
    </ClCompile>
    <ClCompile Include="GeneratedFiles\qrc_qtrealplaydemo.cpp">
      <Filter>Generated Files</Filter>
    </ClCompile>
    <ClCompile Include="replay.cpp">
      <Filter>Source Files</Filter>
    </ClCompile>
    <ClCompile Include="GeneratedFiles\Debug\moc_replay.cpp">
      <Filter>Generated Files\Debug</Filter>
    </ClCompile>
    <ClCompile Include="GeneratedFiles\Release\moc_replay.cpp">
      <Filter>Generated Files\Release</Filter>
    </ClCompile>
  </ItemGroup>
  <ItemGroup>
    <CustomBuild Include="qtrealplaydemo.h">
      <Filter>Header Files</Filter>
    </CustomBuild>
    <CustomBuild Include="qtrealplaydemo.ui">
      <Filter>Form Files</Filter>
    </CustomBuild>
    <CustomBuild Include="qtrealplaydemo.qrc">
      <Filter>Resource Files</Filter>
    </CustomBuild>
    <CustomBuild Include="replay.hpp">
      <Filter>Header Files</Filter>
    </CustomBuild>
    <CustomBuild Include="replay.ui">
      <Filter>Form Files</Filter>
    </CustomBuild>
  </ItemGroup>
  <ItemGroup>
    <ClInclude Include="GeneratedFiles\ui_qtrealplaydemo.h">
      <Filter>Generated Files</Filter>
    </ClInclude>
    <ClInclude Include="I8H_SDK.h">
      <Filter>Header Files</Filter>
    </ClInclude>
    <ClInclude Include="I8_PlaySDK.h">
      <Filter>Header Files</Filter>
    </ClInclude>
    <ClInclude Include="ants_ipc_api.h">
      <Filter>Header Files</Filter>
    </ClInclude>
    <ClInclude Include="rtspclient_api.h">
      <Filter>Header Files</Filter>
    </ClInclude>
    <ClInclude Include="ants_g711.h">
      <Filter>Header Files</Filter>
    </ClInclude>
    <ClInclude Include="ants_bit_operations.h">
      <Filter>Header Files</Filter>
    </ClInclude>
    <ClInclude Include="convertMP4.h">
      <Filter>Header Files</Filter>
    </ClInclude>
    <ClInclude Include="GeneratedFiles\ui_replay.h">
      <Filter>Generated Files</Filter>
    </ClInclude>
  </ItemGroup>
  <ItemGroup>
    <None Include="I8H_SDK.dll" />
    <None Include="I8_PlaySDK.dll" />
    <None Include="i8_codec.dll" />
    <None Include="jrtplib.dll" />
    <None Include="ConvertMP4.dll" />
    <None Include="avcodec-55.dll" />
    <None Include="avdevice-55.dll" />
    <None Include="avfilter-4.dll" />
    <None Include="avformat-55.dll" />
    <None Include="avutil-52.dll" />
    <None Include="avcodec-58.dll" />
    <None Include="avformat-58.dll" />
    <None Include="avutil-56.dll" />
    <None Include="swresample-3.dll" />
  </ItemGroup>
  <ItemGroup>
    <Library Include="I8H_SDK.lib" />
    <Library Include="I8_PlaySDK.lib" />
    <Library Include="jrtplib.lib" />
    <Library Include="public.lib" />
    <Library Include="ConvertMP4.lib" />
  </ItemGroup>
</Project>